
Microsoft Visual Studio Solution File, Format Version 12.00
# Visual Studio Version 16
VisualStudioVersion = 16.0.31424.327
MinimumVisualStudioVersion = 10.0.40219.1
Project("{FAE04EC0-301F-11D3-BF4B-00C04F79EFBC}") = "CSHARP_STRUCT", "CSHARP_STRUCT\CSHARP_STRUCT.csproj", "{089A430F-3A43-4C6A-A796-11DDB92DC615}"
EndProject
Global
	GlobalSection(SolutionConfigurationPlatforms) = preSolution
		Debug|Any CPU = Debug|Any CPU
		Release|Any CPU = Release|Any CPU
	EndGlobalSection
	GlobalSection(ProjectConfigurationPlatforms) = postSolution
		{089A430F-3A43-4C6A-A796-11DDB92DC615}.Debug|Any CPU.ActiveCfg = Debug|Any CPU
		{089A430F-3A43-4C6A-A796-11DDB92DC615}.Debug|Any CPU.Build.0 = Debug|Any CPU
		{089A430F-3A43-4C6A-A796-11DDB92DC615}.Release|Any CPU.ActiveCfg = Release|Any CPU
		{089A430F-3A43-4C6A-A796-11DDB92DC615}.Release|Any CPU.Build.0 = Release|Any CPU
	EndGlobalSection
	GlobalSection(SolutionProperties) = preSolution
		HideSolutionNode = FALSE
	EndGlobalSection
	GlobalSection(ExtensibilityGlobals) = postSolution
		SolutionGuid = {FD202BD4-CD86-43E3-9775-69385E5D77B9}
	EndGlobalSection
EndGlobal
