
Microsoft Visual Studio Solution File, Format Version 12.00
# Visual Studio Version 16
VisualStudioVersion = 16.0.31424.327
MinimumVisualStudioVersion = 10.0.40219.1
Project("{FAE04EC0-301F-11D3-BF4B-00C04F79EFBC}") = "CSHARP_BASIC2", "CSHARP_BASIC2\CSHARP_BASIC2.csproj", "{ED2806FA-7697-4664-9D73-683513EF096E}"
EndProject
Global
	GlobalSection(SolutionConfigurationPlatforms) = preSolution
		Debug|Any CPU = Debug|Any CPU
		Release|Any CPU = Release|Any CPU
	EndGlobalSection
	GlobalSection(ProjectConfigurationPlatforms) = postSolution
		{ED2806FA-7697-4664-9D73-683513EF096E}.Debug|Any CPU.ActiveCfg = Debug|Any CPU
		{ED2806FA-7697-4664-9D73-683513EF096E}.Debug|Any CPU.Build.0 = Debug|Any CPU
		{ED2806FA-7697-4664-9D73-683513EF096E}.Release|Any CPU.ActiveCfg = Release|Any CPU
		{ED2806FA-7697-4664-9D73-683513EF096E}.Release|Any CPU.Build.0 = Release|Any CPU
	EndGlobalSection
	GlobalSection(SolutionProperties) = preSolution
		HideSolutionNode = FALSE
	EndGlobalSection
	GlobalSection(ExtensibilityGlobals) = postSolution
		SolutionGuid = {F25BD21A-47EA-4728-AE98-80209704613E}
	EndGlobalSection
EndGlobal
