
Microsoft Visual Studio Solution File, Format Version 12.00
# Visual Studio Version 16
VisualStudioVersion = 16.0.31424.327
MinimumVisualStudioVersion = 10.0.40219.1
Project("{FAE04EC0-301F-11D3-BF4B-00C04F79EFBC}") = "CSHARP_COLLECTION", "CSHARP_COLLECTION\CSHARP_COLLECTION.csproj", "{13460BD8-6574-49FF-AE26-5F375F6DE086}"
EndProject
Project("{FAE04EC0-301F-11D3-BF4B-00C04F79EFBC}") = "CSHARP_QUQUE", "CSHARP_QUQUE\CSHARP_QUQUE.csproj", "{29CC748B-4132-49AF-B374-C5084045D03E}"
EndProject
Project("{FAE04EC0-301F-11D3-BF4B-00C04F79EFBC}") = "CSHARP_STACK", "CSHARP_STACK\CSHARP_STACK.csproj", "{8AB2D489-69FE-4281-AC01-353B8296D9BF}"
EndProject
Project("{FAE04EC0-301F-11D3-BF4B-00C04F79EFBC}") = "CSHARP_HASHTABLE", "CSHARP_HASHTABLE\CSHARP_HASHTABLE.csproj", "{E6B7ACA9-36D2-4A16-930D-27D4D7540624}"
EndProject
Project("{FAE04EC0-301F-11D3-BF4B-00C04F79EFBC}") = "CSHARP_GENERIC", "CSHARP_GENERIC\CSHARP_GENERIC.csproj", "{D5CFFCF6-7F73-4917-9FEF-119718B270FC}"
EndProject
Project("{FAE04EC0-301F-11D3-BF4B-00C04F79EFBC}") = "CSHARP_GENERIC2", "CSHARP_GENERIC2\CSHARP_GENERIC2.csproj", "{62A53059-C051-4A61-B76D-23AFB2AB9384}"
EndProject
Project("{FAE04EC0-301F-11D3-BF4B-00C04F79EFBC}") = "CSHARP_GENERIC3", "CSHARP_GENERIC3\CSHARP_GENERIC3.csproj", "{19AE5521-0669-4BB8-948B-A24F73FDA43B}"
EndProject
Global
	GlobalSection(SolutionConfigurationPlatforms) = preSolution
		Debug|Any CPU = Debug|Any CPU
		Release|Any CPU = Release|Any CPU
	EndGlobalSection
	GlobalSection(ProjectConfigurationPlatforms) = postSolution
		{13460BD8-6574-49FF-AE26-5F375F6DE086}.Debug|Any CPU.ActiveCfg = Debug|Any CPU
		{13460BD8-6574-49FF-AE26-5F375F6DE086}.Debug|Any CPU.Build.0 = Debug|Any CPU
		{13460BD8-6574-49FF-AE26-5F375F6DE086}.Release|Any CPU.ActiveCfg = Release|Any CPU
		{13460BD8-6574-49FF-AE26-5F375F6DE086}.Release|Any CPU.Build.0 = Release|Any CPU
		{29CC748B-4132-49AF-B374-C5084045D03E}.Debug|Any CPU.ActiveCfg = Debug|Any CPU
		{29CC748B-4132-49AF-B374-C5084045D03E}.Debug|Any CPU.Build.0 = Debug|Any CPU
		{29CC748B-4132-49AF-B374-C5084045D03E}.Release|Any CPU.ActiveCfg = Release|Any CPU
		{29CC748B-4132-49AF-B374-C5084045D03E}.Release|Any CPU.Build.0 = Release|Any CPU
		{8AB2D489-69FE-4281-AC01-353B8296D9BF}.Debug|Any CPU.ActiveCfg = Debug|Any CPU
		{8AB2D489-69FE-4281-AC01-353B8296D9BF}.Debug|Any CPU.Build.0 = Debug|Any CPU
		{8AB2D489-69FE-4281-AC01-353B8296D9BF}.Release|Any CPU.ActiveCfg = Release|Any CPU
		{8AB2D489-69FE-4281-AC01-353B8296D9BF}.Release|Any CPU.Build.0 = Release|Any CPU
		{E6B7ACA9-36D2-4A16-930D-27D4D7540624}.Debug|Any CPU.ActiveCfg = Debug|Any CPU
		{E6B7ACA9-36D2-4A16-930D-27D4D7540624}.Debug|Any CPU.Build.0 = Debug|Any CPU
		{E6B7ACA9-36D2-4A16-930D-27D4D7540624}.Release|Any CPU.ActiveCfg = Release|Any CPU
		{E6B7ACA9-36D2-4A16-930D-27D4D7540624}.Release|Any CPU.Build.0 = Release|Any CPU
		{D5CFFCF6-7F73-4917-9FEF-119718B270FC}.Debug|Any CPU.ActiveCfg = Debug|Any CPU
		{D5CFFCF6-7F73-4917-9FEF-119718B270FC}.Debug|Any CPU.Build.0 = Debug|Any CPU
		{D5CFFCF6-7F73-4917-9FEF-119718B270FC}.Release|Any CPU.ActiveCfg = Release|Any CPU
		{D5CFFCF6-7F73-4917-9FEF-119718B270FC}.Release|Any CPU.Build.0 = Release|Any CPU
		{62A53059-C051-4A61-B76D-23AFB2AB9384}.Debug|Any CPU.ActiveCfg = Debug|Any CPU
		{62A53059-C051-4A61-B76D-23AFB2AB9384}.Debug|Any CPU.Build.0 = Debug|Any CPU
		{62A53059-C051-4A61-B76D-23AFB2AB9384}.Release|Any CPU.ActiveCfg = Release|Any CPU
		{62A53059-C051-4A61-B76D-23AFB2AB9384}.Release|Any CPU.Build.0 = Release|Any CPU
		{19AE5521-0669-4BB8-948B-A24F73FDA43B}.Debug|Any CPU.ActiveCfg = Debug|Any CPU
		{19AE5521-0669-4BB8-948B-A24F73FDA43B}.Debug|Any CPU.Build.0 = Debug|Any CPU
		{19AE5521-0669-4BB8-948B-A24F73FDA43B}.Release|Any CPU.ActiveCfg = Release|Any CPU
		{19AE5521-0669-4BB8-948B-A24F73FDA43B}.Release|Any CPU.Build.0 = Release|Any CPU
	EndGlobalSection
	GlobalSection(SolutionProperties) = preSolution
		HideSolutionNode = FALSE
	EndGlobalSection
	GlobalSection(ExtensibilityGlobals) = postSolution
		SolutionGuid = {594C3888-B235-466F-8684-6605E36C1447}
	EndGlobalSection
EndGlobal
