
Microsoft Visual Studio Solution File, Format Version 12.00
# Visual Studio Version 16
VisualStudioVersion = 16.0.31424.327
MinimumVisualStudioVersion = 10.0.40219.1
Project("{FAE04EC0-301F-11D3-BF4B-00C04F79EFBC}") = "CSHARP_EVENT", "CSHARP_EVENT\CSHARP_EVENT.csproj", "{DD374ED2-424A-4700-9ABD-2D329192A4DA}"
EndProject
Global
	GlobalSection(SolutionConfigurationPlatforms) = preSolution
		Debug|Any CPU = Debug|Any CPU
		Release|Any CPU = Release|Any CPU
	EndGlobalSection
	GlobalSection(ProjectConfigurationPlatforms) = postSolution
		{DD374ED2-424A-4700-9ABD-2D329192A4DA}.Debug|Any CPU.ActiveCfg = Debug|Any CPU
		{DD374ED2-424A-4700-9ABD-2D329192A4DA}.Debug|Any CPU.Build.0 = Debug|Any CPU
		{DD374ED2-424A-4700-9ABD-2D329192A4DA}.Release|Any CPU.ActiveCfg = Release|Any CPU
		{DD374ED2-424A-4700-9ABD-2D329192A4DA}.Release|Any CPU.Build.0 = Release|Any CPU
	EndGlobalSection
	GlobalSection(SolutionProperties) = preSolution
		HideSolutionNode = FALSE
	EndGlobalSection
	GlobalSection(ExtensibilityGlobals) = postSolution
		SolutionGuid = {24087D94-09EC-43F4-800D-49AF29F91196}
	EndGlobalSection
EndGlobal
