
Microsoft Visual Studio Solution File, Format Version 12.00
# Visual Studio Version 16
VisualStudioVersion = 16.0.31424.327
MinimumVisualStudioVersion = 10.0.40219.1
Project("{FAE04EC0-301F-11D3-BF4B-00C04F79EFBC}") = "CSHARP_GENERAL", "CSHARP_GENERAL\CSHARP_GENERAL.csproj", "{A64E36D6-29C6-4199-A723-8FBA6DCF6B8B}"
EndProject
Global
	GlobalSection(SolutionConfigurationPlatforms) = preSolution
		Debug|Any CPU = Debug|Any CPU
		Release|Any CPU = Release|Any CPU
	EndGlobalSection
	GlobalSection(ProjectConfigurationPlatforms) = postSolution
		{A64E36D6-29C6-4199-A723-8FBA6DCF6B8B}.Debug|Any CPU.ActiveCfg = Debug|Any CPU
		{A64E36D6-29C6-4199-A723-8FBA6DCF6B8B}.Debug|Any CPU.Build.0 = Debug|Any CPU
		{A64E36D6-29C6-4199-A723-8FBA6DCF6B8B}.Release|Any CPU.ActiveCfg = Release|Any CPU
		{A64E36D6-29C6-4199-A723-8FBA6DCF6B8B}.Release|Any CPU.Build.0 = Release|Any CPU
	EndGlobalSection
	GlobalSection(SolutionProperties) = preSolution
		HideSolutionNode = FALSE
	EndGlobalSection
	GlobalSection(ExtensibilityGlobals) = postSolution
		SolutionGuid = {8E26B56D-D971-448E-AB89-0E0242E39C18}
	EndGlobalSection
EndGlobal
